{
    "_readme": [
        "This file locks the dependencies of your project to a known state",
        "Read more about it at https://getcomposer.org/doc/01-basic-usage.md#installing-dependencies",
        "This file is @generated automatically"
    ],
    "content-hash": "0860e68d2add95f984ac302c2f6bc879",
    "packages": [
        {
            "name": "ezyang/htmlpurifier",
            "version": "v4.13.0",
            "source": {
                "type": "git",
                "url": "https://github.com/ezyang/htmlpurifier.git",
                "reference": "08e27c97e4c6ed02f37c5b2b20488046c8d90d75"
            },
            "dist": {
                "type": "zip",
                "url": "https://api.github.com/repos/ezyang/htmlpurifier/zipball/08e27c97e4c6ed02f37c5b2b20488046c8d90d75",
                "reference": "08e27c97e4c6ed02f37c5b2b20488046c8d90d75",
                "shasum": ""
            },
            "require": {
                "php": ">=5.2"
            },
            "require-dev": {
                "simpletest/simpletest": "dev-master#72de02a7b80c6bb8864ef9bf66d41d2f58f826bd"
            },
            "type": "library",
            "autoload": {
                "psr-0": {
                    "HTMLPurifier": "library/"
                },
                "files": [
                    "library/HTMLPurifier.composer.php"
                ],
                "exclude-from-classmap": [
                    "/library/HTMLPurifier/Language/"
                ]
            },
            "notification-url": "https://packagist.org/downloads/",
            "license": [
                "LGPL-2.1-or-later"
            ],
            "authors": [
                {
                    "name": "Edward Z. Yang",
                    "email": "admin@htmlpurifier.org",
                    "homepage": "http://ezyang.com"
                }
            ],
            "description": "Standards compliant HTML filter written in PHP",
            "homepage": "http://htmlpurifier.org/",
            "keywords": [
                "html"
            ],
            "support": {
                "issues": "https://github.com/ezyang/htmlpurifier/issues",
                "source": "https://github.com/ezyang/htmlpurifier/tree/master"
            },
            "time": "2020-06-29T00:56:53+00:00"
        },
        {
            "name": "michelf/php-markdown",
            "version": "1.6.0",
            "source": {
                "type": "git",
                "url": "https://github.com/michelf/php-markdown.git",
                "reference": "156e56ee036505ec637d761ee62dc425d807183c"
            },
            "dist": {
                "type": "zip",
                "url": "https://api.github.com/repos/michelf/php-markdown/zipball/156e56ee036505ec637d761ee62dc425d807183c",
                "reference": "156e56ee036505ec637d761ee62dc425d807183c",
                "shasum": ""
            },
            "require": {
                "php": ">=5.3.0"
            },
            "type": "library",
            "extra": {
                "branch-alias": {
                    "dev-lib": "1.4.x-dev"
                }
            },
            "autoload": {
                "psr-0": {
                    "Michelf": ""
                }
            },
            "notification-url": "https://packagist.org/downloads/",
            "license": [
                "BSD-3-Clause"
            ],
            "authors": [
                {
                    "name": "Michel Fortin",
                    "email": "michel.fortin@michelf.ca",
                    "homepage": "https://michelf.ca/",
                    "role": "Developer"
                },
                {
                    "name": "John Gruber",
                    "homepage": "https://daringfireball.net/"
                }
            ],
            "description": "PHP Markdown",
            "homepage": "https://michelf.ca/projects/php-markdown/",
            "keywords": [
                "markdown"
            ],
            "support": {
                "issues": "https://github.com/michelf/php-markdown/issues",
                "source": "https://github.com/michelf/php-markdown/tree/1.6.0"
            },
            "time": "2015-12-24T01:37:31+00:00"
        },
        {
            "name": "michelf/php-smartypants",
            "version": "1.6.0",
            "source": {
                "type": "git",
                "url": "https://github.com/michelf/php-smartypants.git",
                "reference": "674badae316a957173c67dd3184e21cb6807d7fb"
            },
            "dist": {
                "type": "zip",
                "url": "https://api.github.com/repos/michelf/php-smartypants/zipball/674badae316a957173c67dd3184e21cb6807d7fb",
                "reference": "674badae316a957173c67dd3184e21cb6807d7fb",
                "shasum": ""
            },
            "require": {
                "php": ">=5.3.0"
            },
            "type": "library",
            "extra": {
                "branch-alias": {
                    "dev-lib": "1.6.x-dev"
                }
            },
            "autoload": {
                "psr-0": {
                    "Michelf": ""
                }
            },
            "notification-url": "https://packagist.org/downloads/",
            "license": [
                "BSD-3-Clause"
            ],
            "authors": [
                {
                    "name": "Michel Fortin",
                    "email": "michel.fortin@michelf.ca",
                    "homepage": "https://michelf.ca/",
                    "role": "Developer"
                },
                {
                    "name": "John Gruber",
                    "homepage": "https://daringfireball.net/"
                }
            ],
            "description": "PHP SmartyPants",
            "homepage": "https://michelf.ca/projects/php-smartypants/",
            "keywords": [
                "dashes",
                "quotes",
                "spaces",
                "typographer",
                "typography"
            ],
            "support": {
                "issues": "https://github.com/michelf/php-smartypants/issues",
                "source": "https://github.com/michelf/php-smartypants/tree/1.6.0"
            },
            "time": "2016-10-10T18:14:08+00:00"
        },
        {
            "name": "mos/anax",
            "version": "v2.5.30",
            "source": {
                "type": "git",
                "url": "https://github.com/mosbth/anax.git",
                "reference": "378e66a0c22f34bbca912a4169b624f2b0a4aa51"
            },
            "dist": {
                "type": "zip",
                "url": "https://api.github.com/repos/mosbth/anax/zipball/378e66a0c22f34bbca912a4169b624f2b0a4aa51",
                "reference": "378e66a0c22f34bbca912a4169b624f2b0a4aa51",
                "shasum": ""
            },
            "require": {
                "php": ">=5.6"
            },
            "type": "library",
            "extra": {
                "branch-alias": {
                    "dev-master": "2.5.x-dev"
                }
            },
            "autoload": {
                "psr-4": {
                    "Anax\\": "src/"
                },
                "files": [
                    "src/functions.php"
                ]
            },
            "notification-url": "https://packagist.org/downloads/",
            "license": [
                "MIT"
            ],
            "authors": [
                {
                    "name": "Mikael Roos",
                    "email": "mos@dbwebb.se",
                    "homepage": "http://dbwebb.se",
                    "role": "Developer"
                }
            ],
            "description": "PHP framework to create websites, web applications and web services.",
            "homepage": "http://dbwebb.se",
            "keywords": [
                "boilerplate",
                "education",
                "framework",
                "micro",
                "mvc"
            ],
            "support": {
                "issues": "https://github.com/mosbth/anax/issues",
                "source": "https://github.com/mosbth/anax/tree/master"
            },
            "time": "2018-10-19T16:53:55+00:00"
        },
        {
            "name": "mos/cimage",
            "version": "v0.7.23",
            "source": {
                "type": "git",
                "url": "https://github.com/mosbth/cimage.git",
                "reference": "1411adc828e46b9a383f2286944454c8fc99f9e0"
            },
            "dist": {
                "type": "zip",
                "url": "https://api.github.com/repos/mosbth/cimage/zipball/1411adc828e46b9a383f2286944454c8fc99f9e0",
                "reference": "1411adc828e46b9a383f2286944454c8fc99f9e0",
                "shasum": ""
            },
            "require": {
                "php": ">=5.3"
            },
            "suggest": {
                "ext-curl": "*",
                "ext-exif": "*",
                "ext-gd": "*",
                "ext-imagick": "*"
            },
            "type": "library",
            "autoload": {
                "files": [
                    "defines.php",
                    "functions.php"
                ],
                "classmap": [
                    "CImage.php",
                    "CHttpGet.php",
                    "CRemoteImage.php",
                    "CWhitelist.php",
                    "CAsciiArt.php",
                    "CCache.php",
                    "CFastTrackCache.php"
                ]
            },
            "notification-url": "https://packagist.org/downloads/",
            "license": [
                "MIT"
            ],
            "authors": [
                {
                    "name": "Mikael Roos",
                    "email": "me@mikaelroos.se",
                    "homepage": "http://mikaelroos.se",
                    "role": "Developer"
                }
            ],
            "description": "Process, scale, resize, crop and filter images.",
            "homepage": "http://dbwebb.se/opensource/cimage",
            "keywords": [
                "gd",
                "image",
                "imageprocessing"
            ],
            "support": {
                "docs": "http://dbwebb.se/opensource/cimage",
                "issues": "https://github.com/mosbth/cimage/issues",
                "source": "https://github.com/mosbth/cimage/tree/master"
            },
            "time": "2020-05-06T07:51:12+00:00"
        },
        {
            "name": "mos/ctextfilter",
            "version": "v1.2.23",
            "source": {
                "type": "git",
                "url": "https://github.com/mosbth/ctextfilter.git",
                "reference": "9bafcc95bf6f3b32c20cc2dbea7c67e902c3675c"
            },
            "dist": {
                "type": "zip",
                "url": "https://api.github.com/repos/mosbth/ctextfilter/zipball/9bafcc95bf6f3b32c20cc2dbea7c67e902c3675c",
                "reference": "9bafcc95bf6f3b32c20cc2dbea7c67e902c3675c",
                "shasum": ""
            },
            "require": {
                "ezyang/htmlpurifier": "4.*",
                "michelf/php-markdown": "1.6.*",
                "michelf/php-smartypants": "1.6.*",
                "php": ">=5.4",
                "scrivo/highlight.php": "^9.0"
            },
            "suggest": {
                "ext-json": "*",
                "ext-yaml": "*",
                "mustangostang/spyc": "^0.6",
                "symfony/yaml": "^3.1"
            },
            "type": "library",
            "extra": {
                "branch-alias": {
                    "dev-master": "1.2.x-dev"
                }
            },
            "autoload": {
                "psr-4": {
                    "Mos\\TextFilter\\": "src/TextFilter"
                }
            },
            "notification-url": "https://packagist.org/downloads/",
            "license": [
                "MIT"
            ],
            "authors": [
                {
                    "name": "Mikael Roos",
                    "email": "mos@dbwebb.se",
                    "homepage": "http://mikaelroos.se",
                    "role": "Developer"
                }
            ],
            "description": "PHP classes for text filtering and formatting to HTML",
            "homepage": "http://dbwebb.se",
            "keywords": [
                "Html Purifier",
                "YAML front matter",
                "bbcode",
                "education",
                "json front matter",
                "markdown",
                "shortcode"
            ],
            "support": {
                "issues": "https://github.com/mosbth/ctextfilter/issues",
                "source": "https://github.com/mosbth/ctextfilter/tree/v1.2.23"
            },
            "time": "2019-10-30T15:33:28+00:00"
        },
        {
            "name": "scrivo/highlight.php",
            "version": "v9.18.1.6",
            "source": {
                "type": "git",
                "url": "https://github.com/scrivo/highlight.php.git",
                "reference": "44a3d4136edb5ad8551590bf90f437db80b2d466"
            },
            "dist": {
                "type": "zip",
                "url": "https://api.github.com/repos/scrivo/highlight.php/zipball/44a3d4136edb5ad8551590bf90f437db80b2d466",
                "reference": "44a3d4136edb5ad8551590bf90f437db80b2d466",
                "shasum": ""
            },
            "require": {
                "ext-json": "*",
                "ext-mbstring": "*",
                "php": ">=5.4"
            },
            "require-dev": {
                "phpunit/phpunit": "^4.8|^5.7",
                "sabberworm/php-css-parser": "^8.3",
                "symfony/finder": "^2.8|^3.4",
                "symfony/var-dumper": "^2.8|^3.4"
            },
            "type": "library",
            "autoload": {
                "psr-0": {
                    "Highlight\\": "",
                    "HighlightUtilities\\": ""
                },
                "files": [
                    "HighlightUtilities/functions.php"
                ]
            },
            "notification-url": "https://packagist.org/downloads/",
            "license": [
                "BSD-3-Clause"
            ],
            "authors": [
                {
                    "name": "Geert Bergman",
                    "homepage": "http://www.scrivo.org/",
                    "role": "Project Author"
                },
                {
                    "name": "Vladimir Jimenez",
                    "homepage": "https://allejo.io",
                    "role": "Maintainer"
                },
                {
                    "name": "Martin Folkers",
                    "homepage": "https://twobrain.io",
                    "role": "Contributor"
                }
            ],
            "description": "Server side syntax highlighter that supports 185 languages. It's a PHP port of highlight.js",
            "keywords": [
                "code",
                "highlight",
                "highlight.js",
                "highlight.php",
                "syntax"
            ],
            "support": {
                "issues": "https://github.com/scrivo/highlight.php/issues",
                "source": "https://github.com/scrivo/highlight.php"
            },
            "funding": [
                {
                    "url": "https://github.com/allejo",
                    "type": "github"
                }
            ],
            "time": "2020-12-22T19:20:29+00:00"
        },
        {
            "name": "symfony/polyfill-ctype",
            "version": "v1.22.1",
            "source": {
                "type": "git",
                "url": "https://github.com/symfony/polyfill-ctype.git",
                "reference": "c6c942b1ac76c82448322025e084cadc56048b4e"
            },
            "dist": {
                "type": "zip",
                "url": "https://api.github.com/repos/symfony/polyfill-ctype/zipball/c6c942b1ac76c82448322025e084cadc56048b4e",
                "reference": "c6c942b1ac76c82448322025e084cadc56048b4e",
                "shasum": ""
            },
            "require": {
                "php": ">=7.1"
            },
            "suggest": {
                "ext-ctype": "For best performance"
            },
            "type": "library",
            "extra": {
                "branch-alias": {
                    "dev-main": "1.22-dev"
                },
                "thanks": {
                    "name": "symfony/polyfill",
                    "url": "https://github.com/symfony/polyfill"
                }
            },
            "autoload": {
                "psr-4": {
                    "Symfony\\Polyfill\\Ctype\\": ""
                },
                "files": [
                    "bootstrap.php"
                ]
            },
            "notification-url": "https://packagist.org/downloads/",
            "license": [
                "MIT"
            ],
            "authors": [
                {
                    "name": "Gert de Pagter",
                    "email": "BackEndTea@gmail.com"
                },
                {
                    "name": "Symfony Community",
                    "homepage": "https://symfony.com/contributors"
                }
            ],
            "description": "Symfony polyfill for ctype functions",
            "homepage": "https://symfony.com",
            "keywords": [
                "compatibility",
                "ctype",
                "polyfill",
                "portable"
            ],
            "support": {
                "source": "https://github.com/symfony/polyfill-ctype/tree/v1.22.1"
            },
            "funding": [
                {
                    "url": "https://symfony.com/sponsor",
                    "type": "custom"
                },
                {
                    "url": "https://github.com/fabpot",
                    "type": "github"
                },
                {
                    "url": "https://tidelift.com/funding/github/packagist/symfony/symfony",
                    "type": "tidelift"
                }
            ],
            "time": "2021-01-07T16:49:33+00:00"
        },
        {
            "name": "symfony/yaml",
            "version": "v3.4.47",
            "source": {
                "type": "git",
                "url": "https://github.com/symfony/yaml.git",
                "reference": "88289caa3c166321883f67fe5130188ebbb47094"
            },
            "dist": {
                "type": "zip",
                "url": "https://api.github.com/repos/symfony/yaml/zipball/88289caa3c166321883f67fe5130188ebbb47094",
                "reference": "88289caa3c166321883f67fe5130188ebbb47094",
                "shasum": ""
            },
            "require": {
                "php": "^5.5.9|>=7.0.8",
                "symfony/polyfill-ctype": "~1.8"
            },
            "conflict": {
                "symfony/console": "<3.4"
            },
            "require-dev": {
                "symfony/console": "~3.4|~4.0"
            },
            "suggest": {
                "symfony/console": "For validating YAML files using the lint command"
            },
            "type": "library",
            "autoload": {
                "psr-4": {
                    "Symfony\\Component\\Yaml\\": ""
                },
                "exclude-from-classmap": [
                    "/Tests/"
                ]
            },
            "notification-url": "https://packagist.org/downloads/",
            "license": [
                "MIT"
            ],
            "authors": [
                {
                    "name": "Fabien Potencier",
                    "email": "fabien@symfony.com"
                },
                {
                    "name": "Symfony Community",
                    "homepage": "https://symfony.com/contributors"
                }
            ],
            "description": "Symfony Yaml Component",
            "homepage": "https://symfony.com",
            "support": {
                "source": "https://github.com/symfony/yaml/tree/v3.4.47"
            },
            "funding": [
                {
                    "url": "https://symfony.com/sponsor",
                    "type": "custom"
                },
                {
                    "url": "https://github.com/fabpot",
                    "type": "github"
                },
                {
                    "url": "https://tidelift.com/funding/github/packagist/symfony/symfony",
                    "type": "tidelift"
                }
            ],
            "time": "2020-10-24T10:57:07+00:00"
        }
    ],
    "packages-dev": [],
    "aliases": [],
    "minimum-stability": "stable",
    "stability-flags": [],
    "prefer-stable": false,
    "prefer-lowest": false,
    "platform": [],
    "platform-dev": [],
    "plugin-api-version": "2.0.0"
}
